# THIS IS AN AUTOGENERATED FILE. DO NOT EDIT THIS FILE DIRECTLY.
# yarn lockfile v1
bit-twiddle@^1.0.2:
  version "1.0.2"
  resolved "https://registry.yarnpkg.com/bit-twiddle/-/bit-twiddle-1.0.2.tgz#0c6c1fabe2b23d17173d9a61b7b7093eb9e1769e"

earcut@^2.0.7:
  version "2.1.1"
  resolved "https://registry.yarnpkg.com/earcut/-/earcut-2.1.1.tgz#157634e5f3ebb42224e475016e86a5b6ce556b45"

eventemitter3@^2.0.0:
  version "2.0.2"
  resolved "https://registry.yarnpkg.com/eventemitter3/-/eventemitter3-2.0.2.tgz#20ce4891909ce9f35b088c94fab40e2c96f473ac"

ismobilejs@^0.4.0:
  version "0.4.0"
  resolved "https://registry.yarnpkg.com/ismobilejs/-/ismobilejs-0.4.0.tgz#7b986252118e552137f36e42c21794af6c91558f"

object-assign@^4.0.1:
  version "4.1.0"
  resolved "https://registry.yarnpkg.com/object-assign/-/object-assign-4.1.0.tgz#7a3b3d0e98063d43f4c03f2e8ae6cd51a86883a0"

parse-uri@^1.0.0:
  version "1.0.0"
  resolved "https://registry.yarnpkg.com/parse-uri/-/parse-uri-1.0.0.tgz#2872dcc22f1a797acde1583d8a0ac29552ddac20"

pixi-gl-core@^1.0.3:
  version "1.0.3"
  resolved "https://registry.yarnpkg.com/pixi-gl-core/-/pixi-gl-core-1.0.3.tgz#3bd4fb3538a2ee601a048d8dc01f6df55e0b3550"

pixi.js:
  version "4.2.2"
  resolved "https://registry.yarnpkg.com/pixi.js/-/pixi.js-4.2.2.tgz#f0136c50882c8f16d1fa3ed426ec5fa219bede9f"
  dependencies:
    bit-twiddle "^1.0.2"
    earcut "^2.0.7"
    eventemitter3 "^2.0.0"
    ismobilejs "^0.4.0"
    object-assign "^4.0.1"
    pixi-gl-core "^1.0.3"
    resource-loader "^1.8.0"

requirejs:
  version "2.3.2"
  resolved "https://registry.yarnpkg.com/requirejs/-/requirejs-2.3.2.tgz#0eaa870d4c7db3b15dd1322e6b65b0388fc4b2c6"

resource-loader@^1.8.0:
  version "1.8.0"
  resolved "https://registry.yarnpkg.com/resource-loader/-/resource-loader-1.8.0.tgz#7ac61d6947ee99678d60b970ed1467af995fb3dd"
  dependencies:
    eventemitter3 "^2.0.0"
    parse-uri "^1.0.0"

